schema: '2.0'
stages:
  entrenar:
    cmd: python src/train.py
    deps:
    - path: data/rps
      hash: md5
      md5: 6ea1fe25edea2ab044b2098b1e2c0c11.dir
      size: 163705389
      nfiles: 2188
    - path: src/config.py
      hash: md5
      md5: 069ea6f48fdb97e183452e9b73917001
      size: 221
    - path: src/train.py
      hash: md5
      md5: e572d163f5a21a5487bd3364da83ce97
      size: 1817
    outs:
    - path: models/modelo_rps.pth
      hash: md5
      md5: ba4aca3cb5e5cb87ab2327cf2491d174
      size: 6503415
  convertir:
    cmd: python src/convert.py
    deps:
    - path: models/modelo_rps.pth
      hash: md5
      md5: ba4aca3cb5e5cb87ab2327cf2491d174
      size: 6503415
    - path: src/convert.py
      hash: md5
      md5: 03fc59886594f0c3b77b02c47bc9528b
      size: 529
    outs:
    - path: models/modelo_rps.onnx
      hash: md5
      md5: 01f078819012fb9034073398b4119d7b
      size: 12041
